<?xml version="1.0" encoding="UTF-8" standalone="yes" ?>
<CodeBlocks_project_file>
	<FileVersion major="1" minor="6" />
	<Project>
		<Option title="dnsforwarder" />
		<Option pch_mode="2" />
		<Option compiler="gcc" />
		<Option virtualFolders="Others/;" />
		<Build>
			<Target title="Debug">
				<Option output="/tmp/bin/Debug/dnsforwarder" prefix_auto="1" extension_auto="1" />
				<Option object_output="/tmp/obj/Debug/" />
				<Option type="1" />
				<Option compiler="gcc" />
				<Option parameters="-CONTEXT 12345,34256" />
				<Compiler>
					<Add option="-g" />
				</Compiler>
			</Target>
			<Target title="Release">
				<Option output="./bin/Release/dnsforwarder" prefix_auto="1" extension_auto="1" />
				<Option object_output="./obj/Release/" />
				<Option type="1" />
				<Option compiler="gcc" />
				<Compiler>
					<Add option="-fexpensive-optimizations" />
					<Add option="-O3" />
				</Compiler>
				<Linker>
					<Add option="-s" />
				</Linker>
			</Target>
		</Build>
		<Compiler>
			<Add option="-Wall" />
			<Add option="-DHAVE_PTHREAD_SPIN_INIT" />
			<Add option="-DHAVE_PTHREAD_RWLOCK_INIT" />
			<Add option="-DDOWNLOAD_LIBCURL" />
			<Add option="-DBASE64_DECODER_OPENSSL" />
			<Add option="-DHAVE_SYS_SYSCALL_H" />
			<Add option="-DHAVE_SETENV" />
			<Add option="-DHAVE_WORDEXP" />
		</Compiler>
		<Linker>
			<Add option="-lcurl -lssl -lcrypto -pthread" />
		</Linker>
		<Unit filename="../StatisticTemplate.html" />
		<Unit filename="../addresschunk.c">
			<Option compilerVar="CC" />
		</Unit>
		<Unit filename="../addresschunk.h" />
		<Unit filename="../addresslist.c">
			<Option compilerVar="CC" />
		</Unit>
		<Unit filename="../addresslist.h" />
		<Unit filename="../array.c">
			<Option compilerVar="CC" />
		</Unit>
		<Unit filename="../array.h" />
		<Unit filename="../bst.c">
			<Option compilerVar="CC" />
		</Unit>
		<Unit filename="../bst.h" />
		<Unit filename="../cacheht.c">
			<Option compilerVar="CC" />
		</Unit>
		<Unit filename="../cacheht.h" />
		<Unit filename="../cachettlcrtl.c">
			<Option compilerVar="CC" />
		</Unit>
		<Unit filename="../cachettlcrtl.h" />
		<Unit filename="../checkip.c">
			<Option compilerVar="CC" />
		</Unit>
		<Unit filename="../checkip.h" />
		<Unit filename="../common.h" />
		<Unit filename="../debug.c">
			<Option compilerVar="CC" />
		</Unit>
		<Unit filename="../debug.h" />
		<Unit filename="../default.config" />
		<Unit filename="../dnscache.c">
			<Option compilerVar="CC" />
		</Unit>
		<Unit filename="../dnscache.h" />
		<Unit filename="../dnsgenerator.c">
			<Option compilerVar="CC" />
		</Unit>
		<Unit filename="../dnsgenerator.h" />
		<Unit filename="../dnsparser.c">
			<Option compilerVar="CC" />
		</Unit>
		<Unit filename="../dnsparser.h" />
		<Unit filename="../dnsrelated.c">
			<Option compilerVar="CC" />
		</Unit>
		<Unit filename="../dnsrelated.h" />
		<Unit filename="../domainstatistic.c">
			<Option compilerVar="CC" />
		</Unit>
		<Unit filename="../domainstatistic.h" />
		<Unit filename="../downloader.c">
			<Option compilerVar="CC" />
		</Unit>
		<Unit filename="../downloader.h" />
		<Unit filename="../excludedlist.c">
			<Option compilerVar="CC" />
		</Unit>
		<Unit filename="../excludedlist.h" />
		<Unit filename="../extendablebuffer.c">
			<Option compilerVar="CC" />
		</Unit>
		<Unit filename="../extendablebuffer.h" />
		<Unit filename="../goodiplist.c">
			<Option compilerVar="CC" />
		</Unit>
		<Unit filename="../goodiplist.h" />
		<Unit filename="../hosts.c">
			<Option compilerVar="CC" />
		</Unit>
		<Unit filename="../hosts.h" />
		<Unit filename="../internalsocket.c">
			<Option compilerVar="CC" />
		</Unit>
		<Unit filename="../internalsocket.h" />
		<Unit filename="../ipchunk.c">
			<Option compilerVar="CC" />
		</Unit>
		<Unit filename="../ipchunk.h" />
		<Unit filename="../linkedqueue.c">
			<Option compilerVar="CC" />
		</Unit>
		<Unit filename="../linkedqueue.h" />
		<Unit filename="../main.c">
			<Option compilerVar="CC" />
		</Unit>
		<Unit filename="../querydnsbase.c">
			<Option compilerVar="CC" />
		</Unit>
		<Unit filename="../querydnsbase.h" />
		<Unit filename="../querydnsinterface.c">
			<Option compilerVar="CC" />
		</Unit>
		<Unit filename="../querydnsinterface.h" />
		<Unit filename="../querydnslistentcp.c">
			<Option compilerVar="CC" />
		</Unit>
		<Unit filename="../querydnslistentcp.h" />
		<Unit filename="../querydnslistenudp.c">
			<Option compilerVar="CC" />
		</Unit>
		<Unit filename="../querydnslistenudp.h" />
		<Unit filename="../readconfig.c">
			<Option compilerVar="CC" />
		</Unit>
		<Unit filename="../readconfig.h" />
		<Unit filename="../readline.c">
			<Option compilerVar="CC" />
		</Unit>
		<Unit filename="../readline.h" />
		<Unit filename="../request_response.c">
			<Option compilerVar="CC" />
		</Unit>
		<Unit filename="../request_response.h" />
		<Unit filename="../rwlock.h" />
		<Unit filename="../simpleht.c">
			<Option compilerVar="CC" />
		</Unit>
		<Unit filename="../simpleht.h" />
		<Unit filename="../socketpool.c">
			<Option compilerVar="CC" />
		</Unit>
		<Unit filename="../socketpool.h" />
		<Unit filename="../statichosts.c">
			<Option compilerVar="CC" />
		</Unit>
		<Unit filename="../statichosts.h" />
		<Unit filename="../stringchunk.c">
			<Option compilerVar="CC" />
		</Unit>
		<Unit filename="../stringchunk.h" />
		<Unit filename="../stringlist.c">
			<Option compilerVar="CC" />
		</Unit>
		<Unit filename="../stringlist.h" />
		<Unit filename="../utils.c">
			<Option compilerVar="CC" />
		</Unit>
		<Unit filename="../utils.h" />
		<Extensions>
			<code_completion />
			<debugger />
			<envvars />
		</Extensions>
	</Project>
</CodeBlocks_project_file>
